name: Repair npm lockfile once

on:
  push:
    branches: [main]
    paths:
      - '.github/workflows/repair-lock.yml'

permissions:
  contents: write

jobs:
  repair:
    runs-on: ubuntu-latest
    steps:
      - name: Checkout
        uses: actions/checkout@v4
        with:
          fetch-depth: 0

      - name: Use Node 24
        uses: actions/setup-node@v4
        with:
          node-version: 24
          cache: npm

      - name: Regenerate lockfile
        run: npm install --package-lock-only --ignore-scripts

      - name: Commit repaired lockfile
        run: |
          if git diff --quiet -- package-lock.json; then
            echo "package-lock.json already clean"
            exit 0
          fi
          git config user.name "github-actions[bot]"
          git config user.email "41898282+github-actions[bot]@users.noreply.github.com"
          git add package-lock.json
          git commit -m "Repair npm lockfile"
          git push origin HEAD:main
